
Microsoft Visual Studio Solution File, Format Version 12.00
# Visual Studio Version 17
VisualStudioVersion = 17.4.33205.214
MinimumVisualStudioVersion = 10.0.40219.1
Project("{FAE04EC0-301F-11D3-BF4B-00C04F79EFBC}") = "EasyShop", "EasyShop\EasyShop.csproj", "{706768E2-5E2D-4A1C-88A4-173E1490B148}"
EndProject
Global
	GlobalSection(SolutionConfigurationPlatforms) = preSolution
		Debug|Any CPU = Debug|Any CPU
		Release|Any CPU = Release|Any CPU
	EndGlobalSection
	GlobalSection(ProjectConfigurationPlatforms) = postSolution
		{706768E2-5E2D-4A1C-88A4-173E1490B148}.Debug|Any CPU.ActiveCfg = Debug|Any CPU
		{706768E2-5E2D-4A1C-88A4-173E1490B148}.Debug|Any CPU.Build.0 = Debug|Any CPU
		{706768E2-5E2D-4A1C-88A4-173E1490B148}.Release|Any CPU.ActiveCfg = Release|Any CPU
		{706768E2-5E2D-4A1C-88A4-173E1490B148}.Release|Any CPU.Build.0 = Release|Any CPU
	EndGlobalSection
	GlobalSection(SolutionProperties) = preSolution
		HideSolutionNode = FALSE
	EndGlobalSection
	GlobalSection(ExtensibilityGlobals) = postSolution
		SolutionGuid = {C7EE11D7-C014-4BFE-A08A-94A170D3A54E}
	EndGlobalSection
EndGlobal
